
Microsoft Visual Studio Solution File, Format Version 12.00
# Visual Studio Version 16
VisualStudioVersion = 16.0.31729.503
MinimumVisualStudioVersion = 10.0.40219.1
Project("{FAE04EC0-301F-11D3-BF4B-00C04F79EFBC}") = "Task1Fibonacci", "Task1Fibonacci\Task1Fibonacci.csproj", "{DF888E7B-6E38-47BE-A162-C39B334BB3BA}"
EndProject
Project("{FAE04EC0-301F-11D3-BF4B-00C04F79EFBC}") = "Task2LinearEquations", "Task2LinearEquations\Task2LinearEquations.csproj", "{AFB65570-8168-405F-AB5C-4AE4FF6FDAF4}"
EndProject
Project("{FAE04EC0-301F-11D3-BF4B-00C04F79EFBC}") = "Task3CoinsFlipping", "Task3CoinsFlipping\Task3CoinsFlipping.csproj", "{40A2AED7-01B2-4643-A070-5453BFF5A1AB}"
EndProject
Global
	GlobalSection(SolutionConfigurationPlatforms) = preSolution
		Debug|Any CPU = Debug|Any CPU
		Release|Any CPU = Release|Any CPU
	EndGlobalSection
	GlobalSection(ProjectConfigurationPlatforms) = postSolution
		{DF888E7B-6E38-47BE-A162-C39B334BB3BA}.Debug|Any CPU.ActiveCfg = Debug|Any CPU
		{DF888E7B-6E38-47BE-A162-C39B334BB3BA}.Debug|Any CPU.Build.0 = Debug|Any CPU
		{DF888E7B-6E38-47BE-A162-C39B334BB3BA}.Release|Any CPU.ActiveCfg = Release|Any CPU
		{DF888E7B-6E38-47BE-A162-C39B334BB3BA}.Release|Any CPU.Build.0 = Release|Any CPU
		{AFB65570-8168-405F-AB5C-4AE4FF6FDAF4}.Debug|Any CPU.ActiveCfg = Debug|Any CPU
		{AFB65570-8168-405F-AB5C-4AE4FF6FDAF4}.Debug|Any CPU.Build.0 = Debug|Any CPU
		{AFB65570-8168-405F-AB5C-4AE4FF6FDAF4}.Release|Any CPU.ActiveCfg = Release|Any CPU
		{AFB65570-8168-405F-AB5C-4AE4FF6FDAF4}.Release|Any CPU.Build.0 = Release|Any CPU
		{40A2AED7-01B2-4643-A070-5453BFF5A1AB}.Debug|Any CPU.ActiveCfg = Debug|Any CPU
		{40A2AED7-01B2-4643-A070-5453BFF5A1AB}.Debug|Any CPU.Build.0 = Debug|Any CPU
		{40A2AED7-01B2-4643-A070-5453BFF5A1AB}.Release|Any CPU.ActiveCfg = Release|Any CPU
		{40A2AED7-01B2-4643-A070-5453BFF5A1AB}.Release|Any CPU.Build.0 = Release|Any CPU
	EndGlobalSection
	GlobalSection(SolutionProperties) = preSolution
		HideSolutionNode = FALSE
	EndGlobalSection
	GlobalSection(ExtensibilityGlobals) = postSolution
		SolutionGuid = {A0AB38AD-C7B0-4EC4-BFFD-FCB66F03D156}
	EndGlobalSection
EndGlobal
